
Microsoft Visual Studio Solution File, Format Version 12.00
# Visual Studio Version 17
VisualStudioVersion = 17.7.34018.315
MinimumVisualStudioVersion = 10.0.40219.1
Project("{8BC9CEB8-8B4A-11D0-8D11-00A0C91BC942}") = "10-01", "10-01\10-01.vcxproj", "{D1B6DBD9-6B70-4464-9129-3BFF5C805C91}"
EndProject
Project("{8BC9CEB8-8B4A-11D0-8D11-00A0C91BC942}") = "10-01a", "10-01a\10-01a.vcxproj", "{FF904B40-2CE0-4208-95BD-9035D63E790A}"
EndProject
Project("{8BC9CEB8-8B4A-11D0-8D11-00A0C91BC942}") = "10-03", "10-03\10-03.vcxproj", "{16623D98-FD45-43DA-A2FE-5150C684ACF7}"
EndProject
Project("{8BC9CEB8-8B4A-11D0-8D11-00A0C91BC942}") = "10-03a", "10-03a\10-03a.vcxproj", "{418D3DDF-A912-4FA2-A03D-CA010F295B65}"
EndProject
Global
	GlobalSection(SolutionConfigurationPlatforms) = preSolution
		Debug|x64 = Debug|x64
		Debug|x86 = Debug|x86
		Release|x64 = Release|x64
		Release|x86 = Release|x86
	EndGlobalSection
	GlobalSection(ProjectConfigurationPlatforms) = postSolution
		{D1B6DBD9-6B70-4464-9129-3BFF5C805C91}.Debug|x64.ActiveCfg = Debug|x64
		{D1B6DBD9-6B70-4464-9129-3BFF5C805C91}.Debug|x64.Build.0 = Debug|x64
		{D1B6DBD9-6B70-4464-9129-3BFF5C805C91}.Debug|x86.ActiveCfg = Debug|Win32
		{D1B6DBD9-6B70-4464-9129-3BFF5C805C91}.Debug|x86.Build.0 = Debug|Win32
		{D1B6DBD9-6B70-4464-9129-3BFF5C805C91}.Release|x64.ActiveCfg = Release|x64
		{D1B6DBD9-6B70-4464-9129-3BFF5C805C91}.Release|x64.Build.0 = Release|x64
		{D1B6DBD9-6B70-4464-9129-3BFF5C805C91}.Release|x86.ActiveCfg = Release|Win32
		{D1B6DBD9-6B70-4464-9129-3BFF5C805C91}.Release|x86.Build.0 = Release|Win32
		{FF904B40-2CE0-4208-95BD-9035D63E790A}.Debug|x64.ActiveCfg = Debug|x64
		{FF904B40-2CE0-4208-95BD-9035D63E790A}.Debug|x64.Build.0 = Debug|x64
		{FF904B40-2CE0-4208-95BD-9035D63E790A}.Debug|x86.ActiveCfg = Debug|Win32
		{FF904B40-2CE0-4208-95BD-9035D63E790A}.Debug|x86.Build.0 = Debug|Win32
		{FF904B40-2CE0-4208-95BD-9035D63E790A}.Release|x64.ActiveCfg = Release|x64
		{FF904B40-2CE0-4208-95BD-9035D63E790A}.Release|x64.Build.0 = Release|x64
		{FF904B40-2CE0-4208-95BD-9035D63E790A}.Release|x86.ActiveCfg = Release|Win32
		{FF904B40-2CE0-4208-95BD-9035D63E790A}.Release|x86.Build.0 = Release|Win32
		{16623D98-FD45-43DA-A2FE-5150C684ACF7}.Debug|x64.ActiveCfg = Debug|x64
		{16623D98-FD45-43DA-A2FE-5150C684ACF7}.Debug|x64.Build.0 = Debug|x64
		{16623D98-FD45-43DA-A2FE-5150C684ACF7}.Debug|x86.ActiveCfg = Debug|Win32
		{16623D98-FD45-43DA-A2FE-5150C684ACF7}.Debug|x86.Build.0 = Debug|Win32
		{16623D98-FD45-43DA-A2FE-5150C684ACF7}.Release|x64.ActiveCfg = Release|x64
		{16623D98-FD45-43DA-A2FE-5150C684ACF7}.Release|x64.Build.0 = Release|x64
		{16623D98-FD45-43DA-A2FE-5150C684ACF7}.Release|x86.ActiveCfg = Release|Win32
		{16623D98-FD45-43DA-A2FE-5150C684ACF7}.Release|x86.Build.0 = Release|Win32
		{418D3DDF-A912-4FA2-A03D-CA010F295B65}.Debug|x64.ActiveCfg = Debug|x64
		{418D3DDF-A912-4FA2-A03D-CA010F295B65}.Debug|x64.Build.0 = Debug|x64
		{418D3DDF-A912-4FA2-A03D-CA010F295B65}.Debug|x86.ActiveCfg = Debug|Win32
		{418D3DDF-A912-4FA2-A03D-CA010F295B65}.Debug|x86.Build.0 = Debug|Win32
		{418D3DDF-A912-4FA2-A03D-CA010F295B65}.Release|x64.ActiveCfg = Release|x64
		{418D3DDF-A912-4FA2-A03D-CA010F295B65}.Release|x64.Build.0 = Release|x64
		{418D3DDF-A912-4FA2-A03D-CA010F295B65}.Release|x86.ActiveCfg = Release|Win32
		{418D3DDF-A912-4FA2-A03D-CA010F295B65}.Release|x86.Build.0 = Release|Win32
	EndGlobalSection
	GlobalSection(SolutionProperties) = preSolution
		HideSolutionNode = FALSE
	EndGlobalSection
	GlobalSection(ExtensibilityGlobals) = postSolution
		SolutionGuid = {47D6C224-FB2B-4F57-BA3B-05A3C78F864C}
	EndGlobalSection
EndGlobal
